
Microsoft Visual Studio Solution File, Format Version 12.00
# Visual Studio Version 16
VisualStudioVersion = 16.0.32106.194
MinimumVisualStudioVersion = 10.0.40219.1
Project("{FAE04EC0-301F-11D3-BF4B-00C04F79EFBC}") = "myConsoleProject.cs", "myConsoleProject.cs\myConsoleProject.cs.csproj", "{625D138C-7AC4-4458-A5FF-EADC8148A2C6}"
EndProject
Global
	GlobalSection(SolutionConfigurationPlatforms) = preSolution
		Debug|Any CPU = Debug|Any CPU
		Release|Any CPU = Release|Any CPU
	EndGlobalSection
	GlobalSection(ProjectConfigurationPlatforms) = postSolution
		{625D138C-7AC4-4458-A5FF-EADC8148A2C6}.Debug|Any CPU.ActiveCfg = Debug|Any CPU
		{625D138C-7AC4-4458-A5FF-EADC8148A2C6}.Debug|Any CPU.Build.0 = Debug|Any CPU
		{625D138C-7AC4-4458-A5FF-EADC8148A2C6}.Release|Any CPU.ActiveCfg = Release|Any CPU
		{625D138C-7AC4-4458-A5FF-EADC8148A2C6}.Release|Any CPU.Build.0 = Release|Any CPU
	EndGlobalSection
	GlobalSection(SolutionProperties) = preSolution
		HideSolutionNode = FALSE
	EndGlobalSection
	GlobalSection(ExtensibilityGlobals) = postSolution
		SolutionGuid = {CB49AC70-9465-4C52-A188-3436C41AD0C3}
	EndGlobalSection
EndGlobal
